
Microsoft Visual Studio Solution File, Format Version 12.00
# Visual Studio Version 16
VisualStudioVersion = 16.0.29613.14
MinimumVisualStudioVersion = 10.0.40219.1
Project("{FAE04EC0-301F-11D3-BF4B-00C04F79EFBC}") = "BalsamicSolutions.AWSUtilities", "BalsamicSolutions.AWSUtilities.csproj", "{C7EC3624-36E8-4312-8235-47C7D050EEDC}"
EndProject
Global
	GlobalSection(SolutionConfigurationPlatforms) = preSolution
		Debug|Any CPU = Debug|Any CPU
		Release|Any CPU = Release|Any CPU
	EndGlobalSection
	GlobalSection(ProjectConfigurationPlatforms) = postSolution
		{C7EC3624-36E8-4312-8235-47C7D050EEDC}.Debug|Any CPU.ActiveCfg = Debug|Any CPU
		{C7EC3624-36E8-4312-8235-47C7D050EEDC}.Debug|Any CPU.Build.0 = Debug|Any CPU
		{C7EC3624-36E8-4312-8235-47C7D050EEDC}.Release|Any CPU.ActiveCfg = Release|Any CPU
		{C7EC3624-36E8-4312-8235-47C7D050EEDC}.Release|Any CPU.Build.0 = Release|Any CPU
	EndGlobalSection
	GlobalSection(SolutionProperties) = preSolution
		HideSolutionNode = FALSE
	EndGlobalSection
	GlobalSection(ExtensibilityGlobals) = postSolution
		SolutionGuid = {D8768010-582E-4805-9435-22917F1DD5CE}
	EndGlobalSection
EndGlobal
